// !$*UTF8*$!
{
	archiveVersion = 1;
	classes = {
	};
	objectVersion = 46;
	objects = {

/* Begin PBXBuildFile section */
		D065DBA11BCE2AB9007EDF53 /* AsyncNetwork.h in CopyFiles */ = {isa = PBXBuildFile; fileRef = D065DBA01BCE2AB9007EDF53 /* AsyncNetwork.h */; };
		D065DBA31BCE2AB9007EDF53 /* AsyncNetwork.m in Sources */ = {isa = PBXBuildFile; fileRef = D065DBA21BCE2AB9007EDF53 /* AsyncNetwork.m */; };
		D065DBB51BCE2B5A007EDF53 /* AsyncStreamSession.cpp in Sources */ = {isa = PBXBuildFile; fileRef = D065DBB11BCE2B5A007EDF53 /* AsyncStreamSession.cpp */; settings = {ASSET_TAGS = (); }; };
		D065DBBC1BCE2BAC007EDF53 /* Logger.cpp in Sources */ = {isa = PBXBuildFile; fileRef = D065DBB71BCE2BAC007EDF53 /* Logger.cpp */; settings = {ASSET_TAGS = (); }; };
		D065DBBD1BCE2BAC007EDF53 /* PreBuffer.cpp in Sources */ = {isa = PBXBuildFile; fileRef = D065DBB91BCE2BAC007EDF53 /* PreBuffer.cpp */; settings = {ASSET_TAGS = (); }; };
		D065DBC21BCE2BB4007EDF53 /* StreamSession.mm in Sources */ = {isa = PBXBuildFile; fileRef = D065DBC01BCE2BB4007EDF53 /* StreamSession.mm */; settings = {ASSET_TAGS = (); }; };
/* End PBXBuildFile section */

/* Begin PBXCopyFilesBuildPhase section */
		D065DB9B1BCE2AB9007EDF53 /* CopyFiles */ = {
			isa = PBXCopyFilesBuildPhase;
			buildActionMask = 2147483647;
			dstPath = "include/$(PRODUCT_NAME)";
			dstSubfolderSpec = 16;
			files = (
				D065DBA11BCE2AB9007EDF53 /* AsyncNetwork.h in CopyFiles */,
			);
			runOnlyForDeploymentPostprocessing = 0;
		};
/* End PBXCopyFilesBuildPhase section */

/* Begin PBXFileReference section */
		D065DB9D1BCE2AB9007EDF53 /* libAsyncNetwork.a */ = {isa = PBXFileReference; explicitFileType = archive.ar; includeInIndex = 0; path = libAsyncNetwork.a; sourceTree = BUILT_PRODUCTS_DIR; };
		D065DBA01BCE2AB9007EDF53 /* AsyncNetwork.h */ = {isa = PBXFileReference; lastKnownFileType = sourcecode.c.h; path = AsyncNetwork.h; sourceTree = "<group>"; };
		D065DBA21BCE2AB9007EDF53 /* AsyncNetwork.m */ = {isa = PBXFileReference; lastKnownFileType = sourcecode.c.objc; path = AsyncNetwork.m; sourceTree = "<group>"; };
		D065DBB11BCE2B5A007EDF53 /* AsyncStreamSession.cpp */ = {isa = PBXFileReference; fileEncoding = 4; lastKnownFileType = sourcecode.cpp.cpp; path = AsyncStreamSession.cpp; sourceTree = "<group>"; };
		D065DBB21BCE2B5A007EDF53 /* AsyncStreamSession.hpp */ = {isa = PBXFileReference; fileEncoding = 4; lastKnownFileType = sourcecode.cpp.h; path = AsyncStreamSession.hpp; sourceTree = "<group>"; };
		D065DBB61BCE2BAC007EDF53 /* JobQueue.hpp */ = {isa = PBXFileReference; fileEncoding = 4; lastKnownFileType = sourcecode.cpp.h; path = JobQueue.hpp; sourceTree = "<group>"; };
		D065DBB71BCE2BAC007EDF53 /* Logger.cpp */ = {isa = PBXFileReference; fileEncoding = 4; lastKnownFileType = sourcecode.cpp.cpp; path = Logger.cpp; sourceTree = "<group>"; };
		D065DBB81BCE2BAC007EDF53 /* Logger.hpp */ = {isa = PBXFileReference; fileEncoding = 4; lastKnownFileType = sourcecode.cpp.h; path = Logger.hpp; sourceTree = "<group>"; };
		D065DBB91BCE2BAC007EDF53 /* PreBuffer.cpp */ = {isa = PBXFileReference; fileEncoding = 4; lastKnownFileType = sourcecode.cpp.cpp; path = PreBuffer.cpp; sourceTree = "<group>"; };
		D065DBBA1BCE2BAC007EDF53 /* PreBuffer.hpp */ = {isa = PBXFileReference; fileEncoding = 4; lastKnownFileType = sourcecode.cpp.h; path = PreBuffer.hpp; sourceTree = "<group>"; };
		D065DBBB1BCE2BAC007EDF53 /* util.h */ = {isa = PBXFileReference; fileEncoding = 4; lastKnownFileType = sourcecode.c.h; path = util.h; sourceTree = "<group>"; };
		D065DBBF1BCE2BB4007EDF53 /* StreamSession.h */ = {isa = PBXFileReference; fileEncoding = 4; lastKnownFileType = sourcecode.c.h; path = StreamSession.h; sourceTree = "<group>"; };
		D065DBC01BCE2BB4007EDF53 /* StreamSession.mm */ = {isa = PBXFileReference; fileEncoding = 4; lastKnownFileType = sourcecode.cpp.objcpp; path = StreamSession.mm; sourceTree = "<group>"; };
		D065DBC11BCE2BB4007EDF53 /* IStreamSession.hpp */ = {isa = PBXFileReference; fileEncoding = 4; lastKnownFileType = sourcecode.cpp.h; path = IStreamSession.hpp; sourceTree = "<group>"; };
/* End PBXFileReference section */

/* Begin PBXFrameworksBuildPhase section */
		D065DB9A1BCE2AB9007EDF53 /* Frameworks */ = {
			isa = PBXFrameworksBuildPhase;
			buildActionMask = 2147483647;
			files = (
			);
			runOnlyForDeploymentPostprocessing = 0;
		};
/* End PBXFrameworksBuildPhase section */

/* Begin PBXGroup section */
		D065DB941BCE2AB9007EDF53 = {
			isa = PBXGroup;
			children = (
				D065DBAF1BCE2B5A007EDF53 /* framework */,
				D065DB9F1BCE2AB9007EDF53 /* AsyncNetwork */,
				D065DB9E1BCE2AB9007EDF53 /* Products */,
			);
			sourceTree = "<group>";
		};
		D065DB9E1BCE2AB9007EDF53 /* Products */ = {
			isa = PBXGroup;
			children = (
				D065DB9D1BCE2AB9007EDF53 /* libAsyncNetwork.a */,
			);
			name = Products;
			sourceTree = "<group>";
		};
		D065DB9F1BCE2AB9007EDF53 /* AsyncNetwork */ = {
			isa = PBXGroup;
			children = (
				D065DBA01BCE2AB9007EDF53 /* AsyncNetwork.h */,
				D065DBA21BCE2AB9007EDF53 /* AsyncNetwork.m */,
			);
			path = AsyncNetwork;
			sourceTree = "<group>";
		};
		D065DBAF1BCE2B5A007EDF53 /* framework */ = {
			isa = PBXGroup;
			children = (
				D065DBB01BCE2B5A007EDF53 /* stream */,
				D065DBB31BCE2B5A007EDF53 /* system */,
				D065DBB41BCE2B5A007EDF53 /* util */,
			);
			path = framework;
			sourceTree = "<group>";
		};
		D065DBB01BCE2B5A007EDF53 /* stream */ = {
			isa = PBXGroup;
			children = (
				D065DBBE1BCE2BB4007EDF53 /* Apple */,
				D065DBC11BCE2BB4007EDF53 /* IStreamSession.hpp */,
				D065DBB11BCE2B5A007EDF53 /* AsyncStreamSession.cpp */,
				D065DBB21BCE2B5A007EDF53 /* AsyncStreamSession.hpp */,
			);
			path = stream;
			sourceTree = "<group>";
		};
		D065DBB31BCE2B5A007EDF53 /* system */ = {
			isa = PBXGroup;
			children = (
				D065DBB61BCE2BAC007EDF53 /* JobQueue.hpp */,
				D065DBB71BCE2BAC007EDF53 /* Logger.cpp */,
				D065DBB81BCE2BAC007EDF53 /* Logger.hpp */,
				D065DBB91BCE2BAC007EDF53 /* PreBuffer.cpp */,
				D065DBBA1BCE2BAC007EDF53 /* PreBuffer.hpp */,
				D065DBBB1BCE2BAC007EDF53 /* util.h */,
			);
			path = system;
			sourceTree = "<group>";
		};
		D065DBB41BCE2B5A007EDF53 /* util */ = {
			isa = PBXGroup;
			children = (
			);
			path = util;
			sourceTree = "<group>";
		};
		D065DBBE1BCE2BB4007EDF53 /* Apple */ = {
			isa = PBXGroup;
			children = (
				D065DBBF1BCE2BB4007EDF53 /* StreamSession.h */,
				D065DBC01BCE2BB4007EDF53 /* StreamSession.mm */,
			);
			path = Apple;
			sourceTree = "<group>";
		};
/* End PBXGroup section */

/* Begin PBXNativeTarget section */
		D065DB9C1BCE2AB9007EDF53 /* AsyncNetwork */ = {
			isa = PBXNativeTarget;
			buildConfigurationList = D065DBA61BCE2AB9007EDF53 /* Build configuration list for PBXNativeTarget "AsyncNetwork" */;
			buildPhases = (
				D065DB991BCE2AB9007EDF53 /* Sources */,
				D065DB9A1BCE2AB9007EDF53 /* Frameworks */,
				D065DB9B1BCE2AB9007EDF53 /* CopyFiles */,
			);
			buildRules = (
			);
			dependencies = (
			);
			name = AsyncNetwork;
			productName = AsyncNetwork;
			productReference = D065DB9D1BCE2AB9007EDF53 /* libAsyncNetwork.a */;
			productType = "com.apple.product-type.library.static";
		};
/* End PBXNativeTarget section */

/* Begin PBXProject section */
		D065DB951BCE2AB9007EDF53 /* Project object */ = {
			isa = PBXProject;
			attributes = {
				LastUpgradeCheck = 0700;
				ORGANIZATIONNAME = "jinchu darwin";
				TargetAttributes = {
					D065DB9C1BCE2AB9007EDF53 = {
						CreatedOnToolsVersion = 7.0.1;
					};
				};
			};
			buildConfigurationList = D065DB981BCE2AB9007EDF53 /* Build configuration list for PBXProject "AsyncNetwork" */;
			compatibilityVersion = "Xcode 3.2";
			developmentRegion = English;
			hasScannedForEncodings = 0;
			knownRegions = (
				en,
			);
			mainGroup = D065DB941BCE2AB9007EDF53;
			productRefGroup = D065DB9E1BCE2AB9007EDF53 /* Products */;
			projectDirPath = "";
			projectRoot = "";
			targets = (
				D065DB9C1BCE2AB9007EDF53 /* AsyncNetwork */,
			);
		};
/* End PBXProject section */

/* Begin PBXSourcesBuildPhase section */
		D065DB991BCE2AB9007EDF53 /* Sources */ = {
			isa = PBXSourcesBuildPhase;
			buildActionMask = 2147483647;
			files = (
				D065DBC21BCE2BB4007EDF53 /* StreamSession.mm in Sources */,
				D065DBA31BCE2AB9007EDF53 /* AsyncNetwork.m in Sources */,
				D065DBBC1BCE2BAC007EDF53 /* Logger.cpp in Sources */,
				D065DBB51BCE2B5A007EDF53 /* AsyncStreamSession.cpp in Sources */,
				D065DBBD1BCE2BAC007EDF53 /* PreBuffer.cpp in Sources */,
			);
			runOnlyForDeploymentPostprocessing = 0;
		};
/* End PBXSourcesBuildPhase section */

/* Begin XCBuildConfiguration section */
		D065DBA41BCE2AB9007EDF53 /* Debug */ = {
			isa = XCBuildConfiguration;
			buildSettings = {
				ALWAYS_SEARCH_USER_PATHS = NO;
				CLANG_CXX_LANGUAGE_STANDARD = "gnu++0x";
				CLANG_CXX_LIBRARY = "libc++";
				CLANG_ENABLE_MODULES = YES;
				CLANG_ENABLE_OBJC_ARC = YES;
				CLANG_WARN_BOOL_CONVERSION = YES;
				CLANG_WARN_CONSTANT_CONVERSION = YES;
				CLANG_WARN_DIRECT_OBJC_ISA_USAGE = YES_ERROR;
				CLANG_WARN_EMPTY_BODY = YES;
				CLANG_WARN_ENUM_CONVERSION = YES;
				CLANG_WARN_INT_CONVERSION = YES;
				CLANG_WARN_OBJC_ROOT_CLASS = YES_ERROR;
				CLANG_WARN_UNREACHABLE_CODE = YES;
				CLANG_WARN__DUPLICATE_METHOD_MATCH = YES;
				COPY_PHASE_STRIP = NO;
				DEBUG_INFORMATION_FORMAT = dwarf;
				ENABLE_STRICT_OBJC_MSGSEND = YES;
				ENABLE_TESTABILITY = YES;
				GCC_C_LANGUAGE_STANDARD = gnu99;
				GCC_DYNAMIC_NO_PIC = NO;
				GCC_NO_COMMON_BLOCKS = YES;
				GCC_OPTIMIZATION_LEVEL = 0;
				GCC_PREPROCESSOR_DEFINITIONS = (
					"DEBUG=1",
					"$(inherited)",
				);
				GCC_WARN_64_TO_32_BIT_CONVERSION = YES;
				GCC_WARN_ABOUT_RETURN_TYPE = YES_ERROR;
				GCC_WARN_UNDECLARED_SELECTOR = YES;
				GCC_WARN_UNINITIALIZED_AUTOS = YES_AGGRESSIVE;
				GCC_WARN_UNUSED_FUNCTION = YES;
				GCC_WARN_UNUSED_VARIABLE = YES;
				IPHONEOS_DEPLOYMENT_TARGET = 9.0;
				MTL_ENABLE_DEBUG_INFO = YES;
				ONLY_ACTIVE_ARCH = YES;
				SDKROOT = iphoneos;
			};
			name = Debug;
		};
		D065DBA51BCE2AB9007EDF53 /* Release */ = {
			isa = XCBuildConfiguration;
			buildSettings = {
				ALWAYS_SEARCH_USER_PATHS = NO;
				CLANG_CXX_LANGUAGE_STANDARD = "gnu++0x";
				CLANG_CXX_LIBRARY = "libc++";
				CLANG_ENABLE_MODULES = YES;
				CLANG_ENABLE_OBJC_ARC = YES;
				CLANG_WARN_BOOL_CONVERSION = YES;
				CLANG_WARN_CONSTANT_CONVERSION = YES;
				CLANG_WARN_DIRECT_OBJC_ISA_USAGE = YES_ERROR;
				CLANG_WARN_EMPTY_BODY = YES;
				CLANG_WARN_ENUM_CONVERSION = YES;
				CLANG_WARN_INT_CONVERSION = YES;
				CLANG_WARN_OBJC_ROOT_CLASS = YES_ERROR;
				CLANG_WARN_UNREACHABLE_CODE = YES;
				CLANG_WARN__DUPLICATE_METHOD_MATCH = YES;
				COPY_PHASE_STRIP = NO;
				DEBUG_INFORMATION_FORMAT = "dwarf-with-dsym";
				ENABLE_NS_ASSERTIONS = NO;
				ENABLE_STRICT_OBJC_MSGSEND = YES;
				GCC_C_LANGUAGE_STANDARD = gnu99;
				GCC_NO_COMMON_BLOCKS = YES;
				GCC_WARN_64_TO_32_BIT_CONVERSION = YES;
				GCC_WARN_ABOUT_RETURN_TYPE = YES_ERROR;
				GCC_WARN_UNDECLARED_SELECTOR = YES;
				GCC_WARN_UNINITIALIZED_AUTOS = YES_AGGRESSIVE;
				GCC_WARN_UNUSED_FUNCTION = YES;
				GCC_WARN_UNUSED_VARIABLE = YES;
				IPHONEOS_DEPLOYMENT_TARGET = 9.0;
				MTL_ENABLE_DEBUG_INFO = NO;
				SDKROOT = iphoneos;
				VALIDATE_PRODUCT = YES;
			};
			name = Release;
		};
		D065DBA71BCE2AB9007EDF53 /* Debug */ = {
			isa = XCBuildConfiguration;
			buildSettings = {
				HEADER_SEARCH_PATHS = "${SRCROOT}/framework";
				OTHER_LDFLAGS = "-ObjC";
				PRODUCT_NAME = "$(TARGET_NAME)";
				SKIP_INSTALL = YES;
			};
			name = Debug;
		};
		D065DBA81BCE2AB9007EDF53 /* Release */ = {
			isa = XCBuildConfiguration;
			buildSettings = {
				HEADER_SEARCH_PATHS = "${SRCROOT}/framework";
				OTHER_LDFLAGS = "-ObjC";
				PRODUCT_NAME = "$(TARGET_NAME)";
				SKIP_INSTALL = YES;
			};
			name = Release;
		};
/* End XCBuildConfiguration section */

/* Begin XCConfigurationList section */
		D065DB981BCE2AB9007EDF53 /* Build configuration list for PBXProject "AsyncNetwork" */ = {
			isa = XCConfigurationList;
			buildConfigurations = (
				D065DBA41BCE2AB9007EDF53 /* Debug */,
				D065DBA51BCE2AB9007EDF53 /* Release */,
			);
			defaultConfigurationIsVisible = 0;
			defaultConfigurationName = Release;
		};
		D065DBA61BCE2AB9007EDF53 /* Build configuration list for PBXNativeTarget "AsyncNetwork" */ = {
			isa = XCConfigurationList;
			buildConfigurations = (
				D065DBA71BCE2AB9007EDF53 /* Debug */,
				D065DBA81BCE2AB9007EDF53 /* Release */,
			);
			defaultConfigurationIsVisible = 0;
			defaultConfigurationName = Release;
		};
/* End XCConfigurationList section */
	};
	rootObject = D065DB951BCE2AB9007EDF53 /* Project object */;
}
